<?xml version="1.0" encoding="utf-8"?>
<Project ToolsVersion="4.0" xmlns="http://schemas.microsoft.com/developer/msbuild/2003">
  <ItemGroup>
    <Filter Include="源文件">
      <UniqueIdentifier>{4FC737F1-C7A5-4376-A066-2A32D752A2FF}</UniqueIdentifier>
      <Extensions>cpp;c;cc;cxx;c++;cppm;ixx;def;odl;idl;hpj;bat;asm;asmx</Extensions>
    </Filter>
    <Filter Include="头文件">
      <UniqueIdentifier>{93995380-89BD-4b04-88EB-625FBE52EBFB}</UniqueIdentifier>
      <Extensions>h;hh;hpp;hxx;h++;hm;inl;inc;ipp;xsd</Extensions>
    </Filter>
    <Filter Include="资源文件">
      <UniqueIdentifier>{67DA6AB6-F800-4c08-8B7A-83BB121AAD01}</UniqueIdentifier>
      <Extensions>rc;ico;cur;bmp;dlg;rc2;rct;bin;rgs;gif;jpg;jpeg;jpe;resx;tiff;tif;png;wav;mfcribbon-ms</Extensions>
    </Filter>
    <Filter Include="头文件\pricing">
      <UniqueIdentifier>{1b24cc63-d084-458d-aa73-7bf52aa7f274}</UniqueIdentifier>
    </Filter>
    <Filter Include="源文件\pricing">
      <UniqueIdentifier>{838583ef-1b3f-4665-804b-425f82e22813}</UniqueIdentifier>
    </Filter>
    <Filter Include="头文件\products">
      <UniqueIdentifier>{0fa8c5c0-2b23-43f6-ba27-72d978ef99a1}</UniqueIdentifier>
    </Filter>
    <Filter Include="头文件\base">
      <UniqueIdentifier>{fad95e91-331e-4463-817f-826f9caa12c0}</UniqueIdentifier>
    </Filter>
    <Filter Include="源文件\products">
      <UniqueIdentifier>{6f363836-6711-4333-b059-bcc72e00e996}</UniqueIdentifier>
    </Filter>
    <Filter Include="头文件\utils">
      <UniqueIdentifier>{d29c70f0-f224-48da-92f8-c357929c1e70}</UniqueIdentifier>
    </Filter>
    <Filter Include="头文件\marketdata">
      <UniqueIdentifier>{7bdff21a-52b8-4841-8997-eb4b348577d6}</UniqueIdentifier>
    </Filter>
    <Filter Include="源文件\marketdata">
      <UniqueIdentifier>{9d54586b-822b-484f-8cf2-d3af45f1834c}</UniqueIdentifier>
    </Filter>
    <Filter Include="头文件\tradebooking">
      <UniqueIdentifier>{b8334821-a595-4072-8fb2-4100d2b61380}</UniqueIdentifier>
    </Filter>
    <Filter Include="源文件\tradebooking">
      <UniqueIdentifier>{2b59bc69-b943-4700-bcef-53168f5af912}</UniqueIdentifier>
    </Filter>
    <Filter Include="头文件\risk">
      <UniqueIdentifier>{3724fd24-dd9a-4de3-b65d-e27b0d8e6797}</UniqueIdentifier>
    </Filter>
    <Filter Include="源文件\risk">
      <UniqueIdentifier>{b230a021-26bb-4150-b8a6-b7bba188bb7c}</UniqueIdentifier>
    </Filter>
    <Filter Include="源文件\execution">
      <UniqueIdentifier>{1d70a17a-f8f1-460b-a05d-b63479539883}</UniqueIdentifier>
    </Filter>
    <Filter Include="头文件\execution">
      <UniqueIdentifier>{b286e549-fc82-465c-957f-ca1793940597}</UniqueIdentifier>
    </Filter>
    <Filter Include="头文件\streaming">
      <UniqueIdentifier>{d981c67d-a4d6-4842-ab4b-0e66253a91d2}</UniqueIdentifier>
    </Filter>
    <Filter Include="源文件\streaming">
      <UniqueIdentifier>{feceed09-20da-4dba-b72f-f779421de225}</UniqueIdentifier>
    </Filter>
    <Filter Include="头文件\gui">
      <UniqueIdentifier>{9b29fa69-d116-4e45-b879-ec4e10b931e1}</UniqueIdentifier>
    </Filter>
    <Filter Include="源文件\gui">
      <UniqueIdentifier>{93c4ab4a-30ba-4d10-876b-fddfa3a96408}</UniqueIdentifier>
    </Filter>
    <Filter Include="头文件\inquiry">
      <UniqueIdentifier>{917d73b4-08ff-494b-af46-8e979b2501a0}</UniqueIdentifier>
    </Filter>
    <Filter Include="源文件\inquiry">
      <UniqueIdentifier>{ce067458-da5c-473b-8e7c-eded6b276346}</UniqueIdentifier>
    </Filter>
    <Filter Include="头文件\historical">
      <UniqueIdentifier>{44b85695-2749-4881-bb02-6514ff9b8fda}</UniqueIdentifier>
    </Filter>
    <Filter Include="源文件\historical">
      <UniqueIdentifier>{2e0448ee-13ee-4f61-9b30-394bc55f4497}</UniqueIdentifier>
    </Filter>
  </ItemGroup>
  <ItemGroup>
    <ClInclude Include="pricing\BondPricingService.hpp">
      <Filter>头文件\pricing</Filter>
    </ClInclude>
    <ClInclude Include="pricing\BondPricingConnector.hpp">
      <Filter>头文件\pricing</Filter>
    </ClInclude>
    <ClInclude Include="pricing\BondPricingListener.hpp">
      <Filter>头文件\pricing</Filter>
    </ClInclude>
    <ClInclude Include="products\TreasuryProducts.hpp">
      <Filter>头文件\products</Filter>
    </ClInclude>
    <ClInclude Include="base\executionservice.hpp">
      <Filter>头文件\base</Filter>
    </ClInclude>
    <ClInclude Include="base\historicaldataservice.hpp">
      <Filter>头文件\base</Filter>
    </ClInclude>
    <ClInclude Include="base\inquiryservice.hpp">
      <Filter>头文件\base</Filter>
    </ClInclude>
    <ClInclude Include="base\marketdataservice.hpp">
      <Filter>头文件\base</Filter>
    </ClInclude>
    <ClInclude Include="base\positionservice.hpp">
      <Filter>头文件\base</Filter>
    </ClInclude>
    <ClInclude Include="base\pricingservice.hpp">
      <Filter>头文件\base</Filter>
    </ClInclude>
    <ClInclude Include="base\products.hpp">
      <Filter>头文件\base</Filter>
    </ClInclude>
    <ClInclude Include="base\riskservice.hpp">
      <Filter>头文件\base</Filter>
    </ClInclude>
    <ClInclude Include="base\soa.hpp">
      <Filter>头文件\base</Filter>
    </ClInclude>
    <ClInclude Include="base\streamingservice.hpp">
      <Filter>头文件\base</Filter>
    </ClInclude>
    <ClInclude Include="base\tradebookingservice.hpp">
      <Filter>头文件\base</Filter>
    </ClInclude>
    <ClInclude Include="utils\PriceUtils.hpp">
      <Filter>头文件\utils</Filter>
    </ClInclude>
    <ClInclude Include="utils\TimeUtils.hpp">
      <Filter>头文件\utils</Filter>
    </ClInclude>
    <ClInclude Include="utils\Books.hpp">
      <Filter>头文件\utils</Filter>
    </ClInclude>
    <ClInclude Include="utils\ProductLookup.hpp">
      <Filter>头文件\utils</Filter>
    </ClInclude>
    <ClInclude Include="marketdata\BondMarketDataService.hpp">
      <Filter>头文件\marketdata</Filter>
    </ClInclude>
    <ClInclude Include="marketdata\BondMarketDataConnector.hpp">
      <Filter>头文件\marketdata</Filter>
    </ClInclude>
    <ClInclude Include="marketdata\BondMarketDataListener.hpp">
      <Filter>头文件\marketdata</Filter>
    </ClInclude>
    <ClInclude Include="risk\BondPositionService.hpp">
      <Filter>头文件\risk</Filter>
    </ClInclude>
    <ClInclude Include="risk\BondRiskService.hpp">
      <Filter>头文件\risk</Filter>
    </ClInclude>
    <ClInclude Include="risk\BondPositionToRiskListener.hpp">
      <Filter>头文件\risk</Filter>
    </ClInclude>
    <ClInclude Include="tradebooking\BondTradeBookingConnector.hpp">
      <Filter>头文件\tradebooking</Filter>
    </ClInclude>
    <ClInclude Include="tradebooking\BondTradeBookingListener.hpp">
      <Filter>头文件\tradebooking</Filter>
    </ClInclude>
    <ClInclude Include="tradebooking\BondTradeBookingService.hpp">
      <Filter>头文件\tradebooking</Filter>
    </ClInclude>
    <ClInclude Include="execution\BondAlgoExecutionService.hpp">
      <Filter>头文件\execution</Filter>
    </ClInclude>
    <ClInclude Include="execution\BondAlgoExecutionListener.hpp">
      <Filter>头文件\execution</Filter>
    </ClInclude>
    <ClInclude Include="execution\BondExecutionService.hpp">
      <Filter>头文件\execution</Filter>
    </ClInclude>
    <ClInclude Include="execution\BondExecutionConnector.hpp">
      <Filter>头文件\execution</Filter>
    </ClInclude>
    <ClInclude Include="streaming\BondAlgoStreamingService.hpp">
      <Filter>头文件\streaming</Filter>
    </ClInclude>
    <ClInclude Include="streaming\BondAlgoStreamingListener.hpp">
      <Filter>头文件\streaming</Filter>
    </ClInclude>
    <ClInclude Include="streaming\BondStreamingService.hpp">
      <Filter>头文件\streaming</Filter>
    </ClInclude>
    <ClInclude Include="streaming\BondStreamingConnector.hpp">
      <Filter>头文件\streaming</Filter>
    </ClInclude>
    <ClInclude Include="gui\GUIService.hpp">
      <Filter>头文件\gui</Filter>
    </ClInclude>
    <ClInclude Include="gui\GUIThrottleListener.hpp">
      <Filter>头文件\gui</Filter>
    </ClInclude>
    <ClInclude Include="inquiry\BondInquiryService.hpp">
      <Filter>头文件\inquiry</Filter>
    </ClInclude>
    <ClInclude Include="inquiry\BondInquiryConnector.hpp">
      <Filter>头文件\inquiry</Filter>
    </ClInclude>
    <ClInclude Include="inquiry\BondInquiryListener.hpp">
      <Filter>头文件\inquiry</Filter>
    </ClInclude>
    <ClInclude Include="historical\BondHistoricalDataService.hpp">
      <Filter>头文件\historical</Filter>
    </ClInclude>
    <ClInclude Include="historical\PositionHistoricalConnector.hpp">
      <Filter>头文件\historical</Filter>
    </ClInclude>
    <ClInclude Include="historical\RiskHistoricalConnector.hpp">
      <Filter>头文件\historical</Filter>
    </ClInclude>
    <ClInclude Include="historical\PositionHistoricalListener.hpp">
      <Filter>头文件\historical</Filter>
    </ClInclude>
    <ClInclude Include="historical\RiskHistoricalListener.hpp">
      <Filter>头文件\historical</Filter>
    </ClInclude>
    <ClInclude Include="historical\ExecutionHistoricalConnector.hpp">
      <Filter>头文件\historical</Filter>
    </ClInclude>
    <ClInclude Include="historical\ExecutionHistoricalListener.hpp">
      <Filter>头文件\historical</Filter>
    </ClInclude>
    <ClInclude Include="historical\StreamingHistoricalConnector.hpp">
      <Filter>头文件\historical</Filter>
    </ClInclude>
    <ClInclude Include="historical\StreamingHistoricalListener.hpp">
      <Filter>头文件\historical</Filter>
    </ClInclude>
    <ClInclude Include="historical\InquiryHistoricalConnector.hpp">
      <Filter>头文件\historical</Filter>
    </ClInclude>
    <ClInclude Include="historical\InquiryHistoricalListener.hpp">
      <Filter>头文件\historical</Filter>
    </ClInclude>
    <ClInclude Include="tradebooking\BondTradeToPositionListener.hpp">
      <Filter>头文件\tradebooking</Filter>
    </ClInclude>
    <ClInclude Include="streaming\BondAlgoStreamingToStreamingListener.hpp">
      <Filter>头文件\streaming</Filter>
    </ClInclude>
    <ClInclude Include="execution\BondAlgoExecutionToExecutionListener.hpp">
      <Filter>头文件\execution</Filter>
    </ClInclude>
    <ClInclude Include="execution\BondExecutionToTradeListener.hpp">
      <Filter>头文件\execution</Filter>
    </ClInclude>
  </ItemGroup>
  <ItemGroup>
    <ClCompile Include="pricing\BondPricingService.cpp">
      <Filter>源文件\pricing</Filter>
    </ClCompile>
    <ClCompile Include="pricing\BondPricingConnector.cpp">
      <Filter>源文件\pricing</Filter>
    </ClCompile>
    <ClCompile Include="products\TreasuryProducts.cpp">
      <Filter>源文件\products</Filter>
    </ClCompile>
    <ClCompile Include="marketdata\BondMarketDataService.cpp">
      <Filter>源文件\marketdata</Filter>
    </ClCompile>
    <ClCompile Include="marketdata\BondMarketDataConnector.cpp">
      <Filter>源文件\marketdata</Filter>
    </ClCompile>
    <ClCompile Include="risk\BondPositionService.cpp">
      <Filter>源文件\risk</Filter>
    </ClCompile>
    <ClCompile Include="risk\BondRiskService.cpp">
      <Filter>源文件\risk</Filter>
    </ClCompile>
    <ClCompile Include="tradebooking\BondTradeBookingConnector.cpp">
      <Filter>源文件\tradebooking</Filter>
    </ClCompile>
    <ClCompile Include="tradebooking\BondTradeBookingService.cpp">
      <Filter>源文件\tradebooking</Filter>
    </ClCompile>
    <ClCompile Include="execution\BondAlgoExecutionService.cpp">
      <Filter>源文件\execution</Filter>
    </ClCompile>
    <ClCompile Include="execution\BondExecutionService.cpp">
      <Filter>源文件\execution</Filter>
    </ClCompile>
    <ClCompile Include="execution\BondExecutionConnector.cpp">
      <Filter>源文件\execution</Filter>
    </ClCompile>
    <ClCompile Include="streaming\BondAlgoStreamingService.cpp">
      <Filter>源文件\streaming</Filter>
    </ClCompile>
    <ClCompile Include="streaming\BondStreamingService.cpp">
      <Filter>源文件\streaming</Filter>
    </ClCompile>
    <ClCompile Include="streaming\BondStreamingConnector.cpp">
      <Filter>源文件\streaming</Filter>
    </ClCompile>
    <ClCompile Include="gui\GUIService.cpp">
      <Filter>源文件\gui</Filter>
    </ClCompile>
    <ClCompile Include="inquiry\BondInquiryService.cpp">
      <Filter>源文件\inquiry</Filter>
    </ClCompile>
    <ClCompile Include="inquiry\BondInquiryConnector.cpp">
      <Filter>源文件\inquiry</Filter>
    </ClCompile>
    <ClCompile Include="historical\BondHistoricalDataService.cpp">
      <Filter>源文件\historical</Filter>
    </ClCompile>
    <ClCompile Include="main.cpp">
      <Filter>源文件</Filter>
    </ClCompile>
  </ItemGroup>
</Project>